
Microsoft Visual Studio Solution File, Format Version 12.00
# Visual Studio Version 17
VisualStudioVersion = 17.0.32112.339
MinimumVisualStudioVersion = 10.0.40219.1
Project("{FAE04EC0-301F-11D3-BF4B-00C04F79EFBC}") = "practica1-estudio", "practica1-estudio\practica1-estudio.csproj", "{3BE3D77B-7C2F-4394-B86C-AC1FC3547AEA}"
EndProject
Global
	GlobalSection(SolutionConfigurationPlatforms) = preSolution
		Debug|Any CPU = Debug|Any CPU
		Release|Any CPU = Release|Any CPU
	EndGlobalSection
	GlobalSection(ProjectConfigurationPlatforms) = postSolution
		{3BE3D77B-7C2F-4394-B86C-AC1FC3547AEA}.Debug|Any CPU.ActiveCfg = Debug|Any CPU
		{3BE3D77B-7C2F-4394-B86C-AC1FC3547AEA}.Debug|Any CPU.Build.0 = Debug|Any CPU
		{3BE3D77B-7C2F-4394-B86C-AC1FC3547AEA}.Release|Any CPU.ActiveCfg = Release|Any CPU
		{3BE3D77B-7C2F-4394-B86C-AC1FC3547AEA}.Release|Any CPU.Build.0 = Release|Any CPU
	EndGlobalSection
	GlobalSection(SolutionProperties) = preSolution
		HideSolutionNode = FALSE
	EndGlobalSection
	GlobalSection(ExtensibilityGlobals) = postSolution
		SolutionGuid = {A0862B9E-E8C7-4972-BEEA-4DF68DB8B12D}
	EndGlobalSection
EndGlobal
